// !$*UTF8*$!
{
	archiveVersion = 1;
	classes = {
	};
	objectVersion = 46;
	objects = {

/* Begin PBXBuildFile section */
		7EA297441B40DE0E0058912C /* main.m in Sources */ = {isa = PBXBuildFile; fileRef = 7EA297431B40DE0E0058912C /* main.m */; };
		7EA297471B40DE0E0058912C /* AppDelegate.m in Sources */ = {isa = PBXBuildFile; fileRef = 7EA297461B40DE0E0058912C /* AppDelegate.m */; };
		7EA2974A1B40DE0E0058912C /* ViewController.m in Sources */ = {isa = PBXBuildFile; fileRef = 7EA297491B40DE0E0058912C /* ViewController.m */; };
		7EA2974D1B40DE0E0058912C /* Main.storyboard in Resources */ = {isa = PBXBuildFile; fileRef = 7EA2974B1B40DE0E0058912C /* Main.storyboard */; };
		7EA2974F1B40DE0E0058912C /* Images.xcassets in Resources */ = {isa = PBXBuildFile; fileRef = 7EA2974E1B40DE0E0058912C /* Images.xcassets */; };
		7EA297521B40DE0E0058912C /* LaunchScreen.xib in Resources */ = {isa = PBXBuildFile; fileRef = 7EA297501B40DE0E0058912C /* LaunchScreen.xib */; };
		7EA2975E1B40DE0E0058912C /* ZPUMengShareTests.m in Sources */ = {isa = PBXBuildFile; fileRef = 7EA2975D1B40DE0E0058912C /* ZPUMengShareTests.m */; };
/* End PBXBuildFile section */

/* Begin PBXContainerItemProxy section */
		7EA297581B40DE0E0058912C /* PBXContainerItemProxy */ = {
			isa = PBXContainerItemProxy;
			containerPortal = 7EA297361B40DE0E0058912C /* Project object */;
			proxyType = 1;
			remoteGlobalIDString = 7EA2973D1B40DE0E0058912C;
			remoteInfo = ZPUMengShare;
		};
/* End PBXContainerItemProxy section */

/* Begin PBXFileReference section */
		7EA2973E1B40DE0E0058912C /* ZPUMengShare.app */ = {isa = PBXFileReference; explicitFileType = wrapper.application; includeInIndex = 0; path = ZPUMengShare.app; sourceTree = BUILT_PRODUCTS_DIR; };
		7EA297421B40DE0E0058912C /* Info.plist */ = {isa = PBXFileReference; lastKnownFileType = text.plist.xml; path = Info.plist; sourceTree = "<group>"; };
		7EA297431B40DE0E0058912C /* main.m */ = {isa = PBXFileReference; lastKnownFileType = sourcecode.c.objc; path = main.m; sourceTree = "<group>"; };
		7EA297451B40DE0E0058912C /* AppDelegate.h */ = {isa = PBXFileReference; lastKnownFileType = sourcecode.c.h; path = AppDelegate.h; sourceTree = "<group>"; };
		7EA297461B40DE0E0058912C /* AppDelegate.m */ = {isa = PBXFileReference; lastKnownFileType = sourcecode.c.objc; path = AppDelegate.m; sourceTree = "<group>"; };
		7EA297481B40DE0E0058912C /* ViewController.h */ = {isa = PBXFileReference; lastKnownFileType = sourcecode.c.h; path = ViewController.h; sourceTree = "<group>"; };
		7EA297491B40DE0E0058912C /* ViewController.m */ = {isa = PBXFileReference; lastKnownFileType = sourcecode.c.objc; path = ViewController.m; sourceTree = "<group>"; };
		7EA2974C1B40DE0E0058912C /* Base */ = {isa = PBXFileReference; lastKnownFileType = file.storyboard; name = Base; path = Base.lproj/Main.storyboard; sourceTree = "<group>"; };
		7EA2974E1B40DE0E0058912C /* Images.xcassets */ = {isa = PBXFileReference; lastKnownFileType = folder.assetcatalog; path = Images.xcassets; sourceTree = "<group>"; };
		7EA297511B40DE0E0058912C /* Base */ = {isa = PBXFileReference; lastKnownFileType = file.xib; name = Base; path = Base.lproj/LaunchScreen.xib; sourceTree = "<group>"; };
		7EA297571B40DE0E0058912C /* ZPUMengShareTests.xctest */ = {isa = PBXFileReference; explicitFileType = wrapper.cfbundle; includeInIndex = 0; path = ZPUMengShareTests.xctest; sourceTree = BUILT_PRODUCTS_DIR; };
		7EA2975C1B40DE0E0058912C /* Info.plist */ = {isa = PBXFileReference; lastKnownFileType = text.plist.xml; path = Info.plist; sourceTree = "<group>"; };
		7EA2975D1B40DE0E0058912C /* ZPUMengShareTests.m */ = {isa = PBXFileReference; lastKnownFileType = sourcecode.c.objc; path = ZPUMengShareTests.m; sourceTree = "<group>"; };
/* End PBXFileReference section */

/* Begin PBXFrameworksBuildPhase section */
		7EA2973B1B40DE0E0058912C /* Frameworks */ = {
			isa = PBXFrameworksBuildPhase;
			buildActionMask = 2147483647;
			files = (
			);
			runOnlyForDeploymentPostprocessing = 0;
		};
		7EA297541B40DE0E0058912C /* Frameworks */ = {
			isa = PBXFrameworksBuildPhase;
			buildActionMask = 2147483647;
			files = (
			);
			runOnlyForDeploymentPostprocessing = 0;
		};
/* End PBXFrameworksBuildPhase section */

/* Begin PBXGroup section */
		7EA297351B40DE0E0058912C = {
			isa = PBXGroup;
			children = (
				7EA297401B40DE0E0058912C /* ZPUMengShare */,
				7EA2975A1B40DE0E0058912C /* ZPUMengShareTests */,
				7EA2973F1B40DE0E0058912C /* Products */,
			);
			sourceTree = "<group>";
		};
		7EA2973F1B40DE0E0058912C /* Products */ = {
			isa = PBXGroup;
			children = (
				7EA2973E1B40DE0E0058912C /* ZPUMengShare.app */,
				7EA297571B40DE0E0058912C /* ZPUMengShareTests.xctest */,
			);
			name = Products;
			sourceTree = "<group>";
		};
		7EA297401B40DE0E0058912C /* ZPUMengShare */ = {
			isa = PBXGroup;
			children = (
				7EA297451B40DE0E0058912C /* AppDelegate.h */,
				7EA297461B40DE0E0058912C /* AppDelegate.m */,
				7EA297481B40DE0E0058912C /* ViewController.h */,
				7EA297491B40DE0E0058912C /* ViewController.m */,
				7EA2974B1B40DE0E0058912C /* Main.storyboard */,
				7EA2974E1B40DE0E0058912C /* Images.xcassets */,
				7EA297501B40DE0E0058912C /* LaunchScreen.xib */,
				7EA297411B40DE0E0058912C /* Supporting Files */,
			);
			path = ZPUMengShare;
			sourceTree = "<group>";
		};
		7EA297411B40DE0E0058912C /* Supporting Files */ = {
			isa = PBXGroup;
			children = (
				7EA297421B40DE0E0058912C /* Info.plist */,
				7EA297431B40DE0E0058912C /* main.m */,
			);
			name = "Supporting Files";
			sourceTree = "<group>";
		};
		7EA2975A1B40DE0E0058912C /* ZPUMengShareTests */ = {
			isa = PBXGroup;
			children = (
				7EA2975D1B40DE0E0058912C /* ZPUMengShareTests.m */,
				7EA2975B1B40DE0E0058912C /* Supporting Files */,
			);
			path = ZPUMengShareTests;
			sourceTree = "<group>";
		};
		7EA2975B1B40DE0E0058912C /* Supporting Files */ = {
			isa = PBXGroup;
			children = (
				7EA2975C1B40DE0E0058912C /* Info.plist */,
			);
			name = "Supporting Files";
			sourceTree = "<group>";
		};
/* End PBXGroup section */

/* Begin PBXNativeTarget section */
		7EA2973D1B40DE0E0058912C /* ZPUMengShare */ = {
			isa = PBXNativeTarget;
			buildConfigurationList = 7EA297611B40DE0E0058912C /* Build configuration list for PBXNativeTarget "ZPUMengShare" */;
			buildPhases = (
				7EA2973A1B40DE0E0058912C /* Sources */,
				7EA2973B1B40DE0E0058912C /* Frameworks */,
				7EA2973C1B40DE0E0058912C /* Resources */,
			);
			buildRules = (
			);
			dependencies = (
			);
			name = ZPUMengShare;
			productName = ZPUMengShare;
			productReference = 7EA2973E1B40DE0E0058912C /* ZPUMengShare.app */;
			productType = "com.apple.product-type.application";
		};
		7EA297561B40DE0E0058912C /* ZPUMengShareTests */ = {
			isa = PBXNativeTarget;
			buildConfigurationList = 7EA297641B40DE0E0058912C /* Build configuration list for PBXNativeTarget "ZPUMengShareTests" */;
			buildPhases = (
				7EA297531B40DE0E0058912C /* Sources */,
				7EA297541B40DE0E0058912C /* Frameworks */,
				7EA297551B40DE0E0058912C /* Resources */,
			);
			buildRules = (
			);
			dependencies = (
				7EA297591B40DE0E0058912C /* PBXTargetDependency */,
			);
			name = ZPUMengShareTests;
			productName = ZPUMengShareTests;
			productReference = 7EA297571B40DE0E0058912C /* ZPUMengShareTests.xctest */;
			productType = "com.apple.product-type.bundle.unit-test";
		};
/* End PBXNativeTarget section */

/* Begin PBXProject section */
		7EA297361B40DE0E0058912C /* Project object */ = {
			isa = PBXProject;
			attributes = {
				LastUpgradeCheck = 0630;
				ORGANIZATIONNAME = zhengpeng;
				TargetAttributes = {
					7EA2973D1B40DE0E0058912C = {
						CreatedOnToolsVersion = 6.3.2;
					};
					7EA297561B40DE0E0058912C = {
						CreatedOnToolsVersion = 6.3.2;
						TestTargetID = 7EA2973D1B40DE0E0058912C;
					};
				};
			};
			buildConfigurationList = 7EA297391B40DE0E0058912C /* Build configuration list for PBXProject "ZPUMengShare" */;
			compatibilityVersion = "Xcode 3.2";
			developmentRegion = English;
			hasScannedForEncodings = 0;
			knownRegions = (
				en,
				Base,
			);
			mainGroup = 7EA297351B40DE0E0058912C;
			productRefGroup = 7EA2973F1B40DE0E0058912C /* Products */;
			projectDirPath = "";
			projectRoot = "";
			targets = (
				7EA2973D1B40DE0E0058912C /* ZPUMengShare */,
				7EA297561B40DE0E0058912C /* ZPUMengShareTests */,
			);
		};
/* End PBXProject section */

/* Begin PBXResourcesBuildPhase section */
		7EA2973C1B40DE0E0058912C /* Resources */ = {
			isa = PBXResourcesBuildPhase;
			buildActionMask = 2147483647;
			files = (
				7EA2974D1B40DE0E0058912C /* Main.storyboard in Resources */,
				7EA297521B40DE0E0058912C /* LaunchScreen.xib in Resources */,
				7EA2974F1B40DE0E0058912C /* Images.xcassets in Resources */,
			);
			runOnlyForDeploymentPostprocessing = 0;
		};
		7EA297551B40DE0E0058912C /* Resources */ = {
			isa = PBXResourcesBuildPhase;
			buildActionMask = 2147483647;
			files = (
			);
			runOnlyForDeploymentPostprocessing = 0;
		};
/* End PBXResourcesBuildPhase section */

/* Begin PBXSourcesBuildPhase section */
		7EA2973A1B40DE0E0058912C /* Sources */ = {
			isa = PBXSourcesBuildPhase;
			buildActionMask = 2147483647;
			files = (
				7EA2974A1B40DE0E0058912C /* ViewController.m in Sources */,
				7EA297471B40DE0E0058912C /* AppDelegate.m in Sources */,
				7EA297441B40DE0E0058912C /* main.m in Sources */,
			);
			runOnlyForDeploymentPostprocessing = 0;
		};
		7EA297531B40DE0E0058912C /* Sources */ = {
			isa = PBXSourcesBuildPhase;
			buildActionMask = 2147483647;
			files = (
				7EA2975E1B40DE0E0058912C /* ZPUMengShareTests.m in Sources */,
			);
			runOnlyForDeploymentPostprocessing = 0;
		};
/* End PBXSourcesBuildPhase section */

/* Begin PBXTargetDependency section */
		7EA297591B40DE0E0058912C /* PBXTargetDependency */ = {
			isa = PBXTargetDependency;
			target = 7EA2973D1B40DE0E0058912C /* ZPUMengShare */;
			targetProxy = 7EA297581B40DE0E0058912C /* PBXContainerItemProxy */;
		};
/* End PBXTargetDependency section */

/* Begin PBXVariantGroup section */
		7EA2974B1B40DE0E0058912C /* Main.storyboard */ = {
			isa = PBXVariantGroup;
			children = (
				7EA2974C1B40DE0E0058912C /* Base */,
			);
			name = Main.storyboard;
			sourceTree = "<group>";
		};
		7EA297501B40DE0E0058912C /* LaunchScreen.xib */ = {
			isa = PBXVariantGroup;
			children = (
				7EA297511B40DE0E0058912C /* Base */,
			);
			name = LaunchScreen.xib;
			sourceTree = "<group>";
		};
/* End PBXVariantGroup section */

/* Begin XCBuildConfiguration section */
		7EA2975F1B40DE0E0058912C /* Debug */ = {
			isa = XCBuildConfiguration;
			buildSettings = {
				ALWAYS_SEARCH_USER_PATHS = NO;
				CLANG_CXX_LANGUAGE_STANDARD = "gnu++0x";
				CLANG_CXX_LIBRARY = "libc++";
				CLANG_ENABLE_MODULES = YES;
				CLANG_ENABLE_OBJC_ARC = YES;
				CLANG_WARN_BOOL_CONVERSION = YES;
				CLANG_WARN_CONSTANT_CONVERSION = YES;
				CLANG_WARN_DIRECT_OBJC_ISA_USAGE = YES_ERROR;
				CLANG_WARN_EMPTY_BODY = YES;
				CLANG_WARN_ENUM_CONVERSION = YES;
				CLANG_WARN_INT_CONVERSION = YES;
				CLANG_WARN_OBJC_ROOT_CLASS = YES_ERROR;
				CLANG_WARN_UNREACHABLE_CODE = YES;
				CLANG_WARN__DUPLICATE_METHOD_MATCH = YES;
				"CODE_SIGN_IDENTITY[sdk=iphoneos*]" = "iPhone Developer";
				COPY_PHASE_STRIP = NO;
				DEBUG_INFORMATION_FORMAT = "dwarf-with-dsym";
				ENABLE_STRICT_OBJC_MSGSEND = YES;
				GCC_C_LANGUAGE_STANDARD = gnu99;
				GCC_DYNAMIC_NO_PIC = NO;
				GCC_NO_COMMON_BLOCKS = YES;
				GCC_OPTIMIZATION_LEVEL = 0;
				GCC_PREPROCESSOR_DEFINITIONS = (
					"DEBUG=1",
					"$(inherited)",
				);
				GCC_SYMBOLS_PRIVATE_EXTERN = NO;
				GCC_WARN_64_TO_32_BIT_CONVERSION = YES;
				GCC_WARN_ABOUT_RETURN_TYPE = YES_ERROR;
				GCC_WARN_UNDECLARED_SELECTOR = YES;
				GCC_WARN_UNINITIALIZED_AUTOS = YES_AGGRESSIVE;
				GCC_WARN_UNUSED_FUNCTION = YES;
				GCC_WARN_UNUSED_VARIABLE = YES;
				IPHONEOS_DEPLOYMENT_TARGET = 8.3;
				MTL_ENABLE_DEBUG_INFO = YES;
				ONLY_ACTIVE_ARCH = YES;
				SDKROOT = iphoneos;
			};
			name = Debug;
		};
		7EA297601B40DE0E0058912C /* Release */ = {
			isa = XCBuildConfiguration;
			buildSettings = {
				ALWAYS_SEARCH_USER_PATHS = NO;
				CLANG_CXX_LANGUAGE_STANDARD = "gnu++0x";
				CLANG_CXX_LIBRARY = "libc++";
				CLANG_ENABLE_MODULES = YES;
				CLANG_ENABLE_OBJC_ARC = YES;
				CLANG_WARN_BOOL_CONVERSION = YES;
				CLANG_WARN_CONSTANT_CONVERSION = YES;
				CLANG_WARN_DIRECT_OBJC_ISA_USAGE = YES_ERROR;
				CLANG_WARN_EMPTY_BODY = YES;
				CLANG_WARN_ENUM_CONVERSION = YES;
				CLANG_WARN_INT_CONVERSION = YES;
				CLANG_WARN_OBJC_ROOT_CLASS = YES_ERROR;
				CLANG_WARN_UNREACHABLE_CODE = YES;
				CLANG_WARN__DUPLICATE_METHOD_MATCH = YES;
				"CODE_SIGN_IDENTITY[sdk=iphoneos*]" = "iPhone Developer";
				COPY_PHASE_STRIP = NO;
				DEBUG_INFORMATION_FORMAT = "dwarf-with-dsym";
				ENABLE_NS_ASSERTIONS = NO;
				ENABLE_STRICT_OBJC_MSGSEND = YES;
				GCC_C_LANGUAGE_STANDARD = gnu99;
				GCC_NO_COMMON_BLOCKS = YES;
				GCC_WARN_64_TO_32_BIT_CONVERSION = YES;
				GCC_WARN_ABOUT_RETURN_TYPE = YES_ERROR;
				GCC_WARN_UNDECLARED_SELECTOR = YES;
				GCC_WARN_UNINITIALIZED_AUTOS = YES_AGGRESSIVE;
				GCC_WARN_UNUSED_FUNCTION = YES;
				GCC_WARN_UNUSED_VARIABLE = YES;
				IPHONEOS_DEPLOYMENT_TARGET = 8.3;
				MTL_ENABLE_DEBUG_INFO = NO;
				SDKROOT = iphoneos;
				VALIDATE_PRODUCT = YES;
			};
			name = Release;
		};
		7EA297621B40DE0E0058912C /* Debug */ = {
			isa = XCBuildConfiguration;
			buildSettings = {
				ASSETCATALOG_COMPILER_APPICON_NAME = AppIcon;
				INFOPLIST_FILE = ZPUMengShare/Info.plist;
				LD_RUNPATH_SEARCH_PATHS = "$(inherited) @executable_path/Frameworks";
				PRODUCT_NAME = "$(TARGET_NAME)";
			};
			name = Debug;
		};
		7EA297631B40DE0E0058912C /* Release */ = {
			isa = XCBuildConfiguration;
			buildSettings = {
				ASSETCATALOG_COMPILER_APPICON_NAME = AppIcon;
				INFOPLIST_FILE = ZPUMengShare/Info.plist;
				LD_RUNPATH_SEARCH_PATHS = "$(inherited) @executable_path/Frameworks";
				PRODUCT_NAME = "$(TARGET_NAME)";
			};
			name = Release;
		};
		7EA297651B40DE0E0058912C /* Debug */ = {
			isa = XCBuildConfiguration;
			buildSettings = {
				BUNDLE_LOADER = "$(TEST_HOST)";
				FRAMEWORK_SEARCH_PATHS = (
					"$(SDKROOT)/Developer/Library/Frameworks",
					"$(inherited)",
				);
				GCC_PREPROCESSOR_DEFINITIONS = (
					"DEBUG=1",
					"$(inherited)",
				);
				INFOPLIST_FILE = ZPUMengShareTests/Info.plist;
				LD_RUNPATH_SEARCH_PATHS = "$(inherited) @executable_path/Frameworks @loader_path/Frameworks";
				PRODUCT_NAME = "$(TARGET_NAME)";
				TEST_HOST = "$(BUILT_PRODUCTS_DIR)/ZPUMengShare.app/ZPUMengShare";
			};
			name = Debug;
		};
		7EA297661B40DE0E0058912C /* Release */ = {
			isa = XCBuildConfiguration;
			buildSettings = {
				BUNDLE_LOADER = "$(TEST_HOST)";
				FRAMEWORK_SEARCH_PATHS = (
					"$(SDKROOT)/Developer/Library/Frameworks",
					"$(inherited)",
				);
				INFOPLIST_FILE = ZPUMengShareTests/Info.plist;
				LD_RUNPATH_SEARCH_PATHS = "$(inherited) @executable_path/Frameworks @loader_path/Frameworks";
				PRODUCT_NAME = "$(TARGET_NAME)";
				TEST_HOST = "$(BUILT_PRODUCTS_DIR)/ZPUMengShare.app/ZPUMengShare";
			};
			name = Release;
		};
/* End XCBuildConfiguration section */

/* Begin XCConfigurationList section */
		7EA297391B40DE0E0058912C /* Build configuration list for PBXProject "ZPUMengShare" */ = {
			isa = XCConfigurationList;
			buildConfigurations = (
				7EA2975F1B40DE0E0058912C /* Debug */,
				7EA297601B40DE0E0058912C /* Release */,
			);
			defaultConfigurationIsVisible = 0;
			defaultConfigurationName = Release;
		};
		7EA297611B40DE0E0058912C /* Build configuration list for PBXNativeTarget "ZPUMengShare" */ = {
			isa = XCConfigurationList;
			buildConfigurations = (
				7EA297621B40DE0E0058912C /* Debug */,
				7EA297631B40DE0E0058912C /* Release */,
			);
			defaultConfigurationIsVisible = 0;
		};
		7EA297641B40DE0E0058912C /* Build configuration list for PBXNativeTarget "ZPUMengShareTests" */ = {
			isa = XCConfigurationList;
			buildConfigurations = (
				7EA297651B40DE0E0058912C /* Debug */,
				7EA297661B40DE0E0058912C /* Release */,
			);
			defaultConfigurationIsVisible = 0;
		};
/* End XCConfigurationList section */
	};
	rootObject = 7EA297361B40DE0E0058912C /* Project object */;
}
